// !$*UTF8*$!
{
	archiveVersion = 1;
	classes = {
	};
	objectVersion = 56;
	objects = {

/* Begin PBXBuildFile section */
		391DBF345FA6F3E0F2A23CA0 /* Pods_ProjectWithRealm.framework in Frameworks */ = {isa = PBXBuildFile; fileRef = CCACF2FF5024BAE7FE0BF272 /* Pods_ProjectWithRealm.framework */; };
		CEB9F8452AA294E000BB3D47 /* AppDelegate.swift in Sources */ = {isa = PBXBuildFile; fileRef = CEB9F8442AA294E000BB3D47 /* AppDelegate.swift */; };
		CEB9F8472AA294E000BB3D47 /* SceneDelegate.swift in Sources */ = {isa = PBXBuildFile; fileRef = CEB9F8462AA294E000BB3D47 /* SceneDelegate.swift */; };
		CEB9F8492AA294E000BB3D47 /* ViewController.swift in Sources */ = {isa = PBXBuildFile; fileRef = CEB9F8482AA294E000BB3D47 /* ViewController.swift */; };
		CEB9F84C2AA294E000BB3D47 /* Main.storyboard in Resources */ = {isa = PBXBuildFile; fileRef = CEB9F84A2AA294E000BB3D47 /* Main.storyboard */; };
		CEB9F84E2AA294E200BB3D47 /* Assets.xcassets in Resources */ = {isa = PBXBuildFile; fileRef = CEB9F84D2AA294E200BB3D47 /* Assets.xcassets */; };
		CEB9F8512AA294E200BB3D47 /* LaunchScreen.storyboard in Resources */ = {isa = PBXBuildFile; fileRef = CEB9F84F2AA294E200BB3D47 /* LaunchScreen.storyboard */; };
		CEB9F8592AA2CB2200BB3D47 /* ViewCell.swift in Sources */ = {isa = PBXBuildFile; fileRef = CEB9F8582AA2CB2200BB3D47 /* ViewCell.swift */; };
		CEB9F85B2AA2CB5000BB3D47 /* Model.swift in Sources */ = {isa = PBXBuildFile; fileRef = CEB9F85A2AA2CB5000BB3D47 /* Model.swift */; };
		CEB9F85D2AA2CB7F00BB3D47 /* RealmService.swift in Sources */ = {isa = PBXBuildFile; fileRef = CEB9F85C2AA2CB7F00BB3D47 /* RealmService.swift */; };
		CEB9F85F2AA2CBB600BB3D47 /* AlertService.swift in Sources */ = {isa = PBXBuildFile; fileRef = CEB9F85E2AA2CBB600BB3D47 /* AlertService.swift */; };
/* End PBXBuildFile section */

/* Begin PBXFileReference section */
		598CEF4C43238C3FC981833E /* Pods-ProjectWithRealm.release.xcconfig */ = {isa = PBXFileReference; includeInIndex = 1; lastKnownFileType = text.xcconfig; name = "Pods-ProjectWithRealm.release.xcconfig"; path = "Target Support Files/Pods-ProjectWithRealm/Pods-ProjectWithRealm.release.xcconfig"; sourceTree = "<group>"; };
		A75FEDC0C334125E88975148 /* Pods-ProjectWithRealm.debug.xcconfig */ = {isa = PBXFileReference; includeInIndex = 1; lastKnownFileType = text.xcconfig; name = "Pods-ProjectWithRealm.debug.xcconfig"; path = "Target Support Files/Pods-ProjectWithRealm/Pods-ProjectWithRealm.debug.xcconfig"; sourceTree = "<group>"; };
		CCACF2FF5024BAE7FE0BF272 /* Pods_ProjectWithRealm.framework */ = {isa = PBXFileReference; explicitFileType = wrapper.framework; includeInIndex = 0; path = Pods_ProjectWithRealm.framework; sourceTree = BUILT_PRODUCTS_DIR; };
		CEB9F8412AA294E000BB3D47 /* ProjectWithRealm.app */ = {isa = PBXFileReference; explicitFileType = wrapper.application; includeInIndex = 0; path = ProjectWithRealm.app; sourceTree = BUILT_PRODUCTS_DIR; };
		CEB9F8442AA294E000BB3D47 /* AppDelegate.swift */ = {isa = PBXFileReference; lastKnownFileType = sourcecode.swift; path = AppDelegate.swift; sourceTree = "<group>"; };
		CEB9F8462AA294E000BB3D47 /* SceneDelegate.swift */ = {isa = PBXFileReference; lastKnownFileType = sourcecode.swift; path = SceneDelegate.swift; sourceTree = "<group>"; };
		CEB9F8482AA294E000BB3D47 /* ViewController.swift */ = {isa = PBXFileReference; lastKnownFileType = sourcecode.swift; path = ViewController.swift; sourceTree = "<group>"; };
		CEB9F84B2AA294E000BB3D47 /* Base */ = {isa = PBXFileReference; lastKnownFileType = file.storyboard; name = Base; path = Base.lproj/Main.storyboard; sourceTree = "<group>"; };
		CEB9F84D2AA294E200BB3D47 /* Assets.xcassets */ = {isa = PBXFileReference; lastKnownFileType = folder.assetcatalog; path = Assets.xcassets; sourceTree = "<group>"; };
		CEB9F8502AA294E200BB3D47 /* Base */ = {isa = PBXFileReference; lastKnownFileType = file.storyboard; name = Base; path = Base.lproj/LaunchScreen.storyboard; sourceTree = "<group>"; };
		CEB9F8522AA294E200BB3D47 /* Info.plist */ = {isa = PBXFileReference; lastKnownFileType = text.plist.xml; path = Info.plist; sourceTree = "<group>"; };
		CEB9F8582AA2CB2200BB3D47 /* ViewCell.swift */ = {isa = PBXFileReference; lastKnownFileType = sourcecode.swift; path = ViewCell.swift; sourceTree = "<group>"; };
		CEB9F85A2AA2CB5000BB3D47 /* Model.swift */ = {isa = PBXFileReference; lastKnownFileType = sourcecode.swift; path = Model.swift; sourceTree = "<group>"; };
		CEB9F85C2AA2CB7F00BB3D47 /* RealmService.swift */ = {isa = PBXFileReference; lastKnownFileType = sourcecode.swift; path = RealmService.swift; sourceTree = "<group>"; };
		CEB9F85E2AA2CBB600BB3D47 /* AlertService.swift */ = {isa = PBXFileReference; lastKnownFileType = sourcecode.swift; path = AlertService.swift; sourceTree = "<group>"; };
/* End PBXFileReference section */

/* Begin PBXFrameworksBuildPhase section */
		CEB9F83E2AA294E000BB3D47 /* Frameworks */ = {
			isa = PBXFrameworksBuildPhase;
			buildActionMask = 2147483647;
			files = (
				391DBF345FA6F3E0F2A23CA0 /* Pods_ProjectWithRealm.framework in Frameworks */,
			);
			runOnlyForDeploymentPostprocessing = 0;
		};
/* End PBXFrameworksBuildPhase section */

/* Begin PBXGroup section */
		26803E73C3DC985E07421B83 /* Pods */ = {
			isa = PBXGroup;
			children = (
				A75FEDC0C334125E88975148 /* Pods-ProjectWithRealm.debug.xcconfig */,
				598CEF4C43238C3FC981833E /* Pods-ProjectWithRealm.release.xcconfig */,
			);
			path = Pods;
			sourceTree = "<group>";
		};
		CEB9F8382AA294E000BB3D47 = {
			isa = PBXGroup;
			children = (
				CEB9F8432AA294E000BB3D47 /* ProjectWithRealm */,
				CEB9F8422AA294E000BB3D47 /* Products */,
				26803E73C3DC985E07421B83 /* Pods */,
				DEFC088F21BE1340F797AEF2 /* Frameworks */,
			);
			sourceTree = "<group>";
		};
		CEB9F8422AA294E000BB3D47 /* Products */ = {
			isa = PBXGroup;
			children = (
				CEB9F8412AA294E000BB3D47 /* ProjectWithRealm.app */,
			);
			name = Products;
			sourceTree = "<group>";
		};
		CEB9F8432AA294E000BB3D47 /* ProjectWithRealm */ = {
			isa = PBXGroup;
			children = (
				CEB9F8442AA294E000BB3D47 /* AppDelegate.swift */,
				CEB9F8462AA294E000BB3D47 /* SceneDelegate.swift */,
				CEB9F8582AA2CB2200BB3D47 /* ViewCell.swift */,
				CEB9F85A2AA2CB5000BB3D47 /* Model.swift */,
				CEB9F85C2AA2CB7F00BB3D47 /* RealmService.swift */,
				CEB9F85E2AA2CBB600BB3D47 /* AlertService.swift */,
				CEB9F8482AA294E000BB3D47 /* ViewController.swift */,
				CEB9F84A2AA294E000BB3D47 /* Main.storyboard */,
				CEB9F84D2AA294E200BB3D47 /* Assets.xcassets */,
				CEB9F84F2AA294E200BB3D47 /* LaunchScreen.storyboard */,
				CEB9F8522AA294E200BB3D47 /* Info.plist */,
			);
			path = ProjectWithRealm;
			sourceTree = "<group>";
		};
		DEFC088F21BE1340F797AEF2 /* Frameworks */ = {
			isa = PBXGroup;
			children = (
				CCACF2FF5024BAE7FE0BF272 /* Pods_ProjectWithRealm.framework */,
			);
			name = Frameworks;
			sourceTree = "<group>";
		};
/* End PBXGroup section */

/* Begin PBXNativeTarget section */
		CEB9F8402AA294E000BB3D47 /* ProjectWithRealm */ = {
			isa = PBXNativeTarget;
			buildConfigurationList = CEB9F8552AA294E200BB3D47 /* Build configuration list for PBXNativeTarget "ProjectWithRealm" */;
			buildPhases = (
				DAF099D234D848A30F06B06D /* [CP] Check Pods Manifest.lock */,
				CEB9F83D2AA294E000BB3D47 /* Sources */,
				CEB9F83E2AA294E000BB3D47 /* Frameworks */,
				CEB9F83F2AA294E000BB3D47 /* Resources */,
				FB9E3686C6B2A56BDBBF8D5E /* [CP] Embed Pods Frameworks */,
			);
			buildRules = (
			);
			dependencies = (
			);
			name = ProjectWithRealm;
			productName = ProjectWithRealm;
			productReference = CEB9F8412AA294E000BB3D47 /* ProjectWithRealm.app */;
			productType = "com.apple.product-type.application";
		};
/* End PBXNativeTarget section */

/* Begin PBXProject section */
		CEB9F8392AA294E000BB3D47 /* Project object */ = {
			isa = PBXProject;
			attributes = {
				BuildIndependentTargetsInParallel = 1;
				LastSwiftUpdateCheck = 1430;
				LastUpgradeCheck = 1430;
				TargetAttributes = {
					CEB9F8402AA294E000BB3D47 = {
						CreatedOnToolsVersion = 14.3.1;
					};
				};
			};
			buildConfigurationList = CEB9F83C2AA294E000BB3D47 /* Build configuration list for PBXProject "ProjectWithRealm" */;
			compatibilityVersion = "Xcode 14.0";
			developmentRegion = en;
			hasScannedForEncodings = 0;
			knownRegions = (
				en,
				Base,
			);
			mainGroup = CEB9F8382AA294E000BB3D47;
			productRefGroup = CEB9F8422AA294E000BB3D47 /* Products */;
			projectDirPath = "";
			projectRoot = "";
			targets = (
				CEB9F8402AA294E000BB3D47 /* ProjectWithRealm */,
			);
		};
/* End PBXProject section */

/* Begin PBXResourcesBuildPhase section */
		CEB9F83F2AA294E000BB3D47 /* Resources */ = {
			isa = PBXResourcesBuildPhase;
			buildActionMask = 2147483647;
			files = (
				CEB9F8512AA294E200BB3D47 /* LaunchScreen.storyboard in Resources */,
				CEB9F84E2AA294E200BB3D47 /* Assets.xcassets in Resources */,
				CEB9F84C2AA294E000BB3D47 /* Main.storyboard in Resources */,
			);
			runOnlyForDeploymentPostprocessing = 0;
		};
/* End PBXResourcesBuildPhase section */

/* Begin PBXShellScriptBuildPhase section */
		DAF099D234D848A30F06B06D /* [CP] Check Pods Manifest.lock */ = {
			isa = PBXShellScriptBuildPhase;
			buildActionMask = 2147483647;
			files = (
			);
			inputFileListPaths = (
			);
			inputPaths = (
				"${PODS_PODFILE_DIR_PATH}/Podfile.lock",
				"${PODS_ROOT}/Manifest.lock",
			);
			name = "[CP] Check Pods Manifest.lock";
			outputFileListPaths = (
			);
			outputPaths = (
				"$(DERIVED_FILE_DIR)/Pods-ProjectWithRealm-checkManifestLockResult.txt",
			);
			runOnlyForDeploymentPostprocessing = 0;
			shellPath = /bin/sh;
			shellScript = "diff \"${PODS_PODFILE_DIR_PATH}/Podfile.lock\" \"${PODS_ROOT}/Manifest.lock\" > /dev/null\nif [ $? != 0 ] ; then\n    # print error to STDERR\n    echo \"error: The sandbox is not in sync with the Podfile.lock. Run 'pod install' or update your CocoaPods installation.\" >&2\n    exit 1\nfi\n# This output is used by Xcode 'outputs' to avoid re-running this script phase.\necho \"SUCCESS\" > \"${SCRIPT_OUTPUT_FILE_0}\"\n";
			showEnvVarsInLog = 0;
		};
		FB9E3686C6B2A56BDBBF8D5E /* [CP] Embed Pods Frameworks */ = {
			isa = PBXShellScriptBuildPhase;
			buildActionMask = 2147483647;
			files = (
			);
			inputFileListPaths = (
				"${PODS_ROOT}/Target Support Files/Pods-ProjectWithRealm/Pods-ProjectWithRealm-frameworks-${CONFIGURATION}-input-files.xcfilelist",
			);
			name = "[CP] Embed Pods Frameworks";
			outputFileListPaths = (
				"${PODS_ROOT}/Target Support Files/Pods-ProjectWithRealm/Pods-ProjectWithRealm-frameworks-${CONFIGURATION}-output-files.xcfilelist",
			);
			runOnlyForDeploymentPostprocessing = 0;
			shellPath = /bin/sh;
			shellScript = "\"${PODS_ROOT}/Target Support Files/Pods-ProjectWithRealm/Pods-ProjectWithRealm-frameworks.sh\"\n";
			showEnvVarsInLog = 0;
		};
/* End PBXShellScriptBuildPhase section */

/* Begin PBXSourcesBuildPhase section */
		CEB9F83D2AA294E000BB3D47 /* Sources */ = {
			isa = PBXSourcesBuildPhase;
			buildActionMask = 2147483647;
			files = (
				CEB9F85B2AA2CB5000BB3D47 /* Model.swift in Sources */,
				CEB9F85D2AA2CB7F00BB3D47 /* RealmService.swift in Sources */,
				CEB9F85F2AA2CBB600BB3D47 /* AlertService.swift in Sources */,
				CEB9F8592AA2CB2200BB3D47 /* ViewCell.swift in Sources */,
				CEB9F8492AA294E000BB3D47 /* ViewController.swift in Sources */,
				CEB9F8452AA294E000BB3D47 /* AppDelegate.swift in Sources */,
				CEB9F8472AA294E000BB3D47 /* SceneDelegate.swift in Sources */,
			);
			runOnlyForDeploymentPostprocessing = 0;
		};
/* End PBXSourcesBuildPhase section */

/* Begin PBXVariantGroup section */
		CEB9F84A2AA294E000BB3D47 /* Main.storyboard */ = {
			isa = PBXVariantGroup;
			children = (
				CEB9F84B2AA294E000BB3D47 /* Base */,
			);
			name = Main.storyboard;
			sourceTree = "<group>";
		};
		CEB9F84F2AA294E200BB3D47 /* LaunchScreen.storyboard */ = {
			isa = PBXVariantGroup;
			children = (
				CEB9F8502AA294E200BB3D47 /* Base */,
			);
			name = LaunchScreen.storyboard;
			sourceTree = "<group>";
		};
/* End PBXVariantGroup section */

/* Begin XCBuildConfiguration section */
		CEB9F8532AA294E200BB3D47 /* Debug */ = {
			isa = XCBuildConfiguration;
			buildSettings = {
				ALWAYS_SEARCH_USER_PATHS = NO;
				CLANG_ANALYZER_NONNULL = YES;
				CLANG_ANALYZER_NUMBER_OBJECT_CONVERSION = YES_AGGRESSIVE;
				CLANG_CXX_LANGUAGE_STANDARD = "gnu++20";
				CLANG_ENABLE_MODULES = YES;
				CLANG_ENABLE_OBJC_ARC = YES;
				CLANG_ENABLE_OBJC_WEAK = YES;
				CLANG_WARN_BLOCK_CAPTURE_AUTORELEASING = YES;
				CLANG_WARN_BOOL_CONVERSION = YES;
				CLANG_WARN_COMMA = YES;
				CLANG_WARN_CONSTANT_CONVERSION = YES;
				CLANG_WARN_DEPRECATED_OBJC_IMPLEMENTATIONS = YES;
				CLANG_WARN_DIRECT_OBJC_ISA_USAGE = YES_ERROR;
				CLANG_WARN_DOCUMENTATION_COMMENTS = YES;
				CLANG_WARN_EMPTY_BODY = YES;
				CLANG_WARN_ENUM_CONVERSION = YES;
				CLANG_WARN_INFINITE_RECURSION = YES;
				CLANG_WARN_INT_CONVERSION = YES;
				CLANG_WARN_NON_LITERAL_NULL_CONVERSION = YES;
				CLANG_WARN_OBJC_IMPLICIT_RETAIN_SELF = YES;
				CLANG_WARN_OBJC_LITERAL_CONVERSION = YES;
				CLANG_WARN_OBJC_ROOT_CLASS = YES_ERROR;
				CLANG_WARN_QUOTED_INCLUDE_IN_FRAMEWORK_HEADER = YES;
				CLANG_WARN_RANGE_LOOP_ANALYSIS = YES;
				CLANG_WARN_STRICT_PROTOTYPES = YES;
				CLANG_WARN_SUSPICIOUS_MOVE = YES;
				CLANG_WARN_UNGUARDED_AVAILABILITY = YES_AGGRESSIVE;
				CLANG_WARN_UNREACHABLE_CODE = YES;
				CLANG_WARN__DUPLICATE_METHOD_MATCH = YES;
				COPY_PHASE_STRIP = NO;
				DEBUG_INFORMATION_FORMAT = dwarf;
				ENABLE_STRICT_OBJC_MSGSEND = YES;
				ENABLE_TESTABILITY = YES;
				GCC_C_LANGUAGE_STANDARD = gnu11;
				GCC_DYNAMIC_NO_PIC = NO;
				GCC_NO_COMMON_BLOCKS = YES;
				GCC_OPTIMIZATION_LEVEL = 0;
				GCC_PREPROCESSOR_DEFINITIONS = (
					"DEBUG=1",
					"$(inherited)",
				);
				GCC_WARN_64_TO_32_BIT_CONVERSION = YES;
				GCC_WARN_ABOUT_RETURN_TYPE = YES_ERROR;
				GCC_WARN_UNDECLARED_SELECTOR = YES;
				GCC_WARN_UNINITIALIZED_AUTOS = YES_AGGRESSIVE;
				GCC_WARN_UNUSED_FUNCTION = YES;
				GCC_WARN_UNUSED_VARIABLE = YES;
				IPHONEOS_DEPLOYMENT_TARGET = 16.4;
				MTL_ENABLE_DEBUG_INFO = INCLUDE_SOURCE;
				MTL_FAST_MATH = YES;
				ONLY_ACTIVE_ARCH = YES;
				SDKROOT = iphoneos;
				SWIFT_ACTIVE_COMPILATION_CONDITIONS = DEBUG;
				SWIFT_OPTIMIZATION_LEVEL = "-Onone";
			};
			name = Debug;
		};
		CEB9F8542AA294E200BB3D47 /* Release */ = {
			isa = XCBuildConfiguration;
			buildSettings = {
				ALWAYS_SEARCH_USER_PATHS = NO;
				CLANG_ANALYZER_NONNULL = YES;
				CLANG_ANALYZER_NUMBER_OBJECT_CONVERSION = YES_AGGRESSIVE;
				CLANG_CXX_LANGUAGE_STANDARD = "gnu++20";
				CLANG_ENABLE_MODULES = YES;
				CLANG_ENABLE_OBJC_ARC = YES;
				CLANG_ENABLE_OBJC_WEAK = YES;
				CLANG_WARN_BLOCK_CAPTURE_AUTORELEASING = YES;
				CLANG_WARN_BOOL_CONVERSION = YES;
				CLANG_WARN_COMMA = YES;
				CLANG_WARN_CONSTANT_CONVERSION = YES;
				CLANG_WARN_DEPRECATED_OBJC_IMPLEMENTATIONS = YES;
				CLANG_WARN_DIRECT_OBJC_ISA_USAGE = YES_ERROR;
				CLANG_WARN_DOCUMENTATION_COMMENTS = YES;
				CLANG_WARN_EMPTY_BODY = YES;
				CLANG_WARN_ENUM_CONVERSION = YES;
				CLANG_WARN_INFINITE_RECURSION = YES;
				CLANG_WARN_INT_CONVERSION = YES;
				CLANG_WARN_NON_LITERAL_NULL_CONVERSION = YES;
				CLANG_WARN_OBJC_IMPLICIT_RETAIN_SELF = YES;
				CLANG_WARN_OBJC_LITERAL_CONVERSION = YES;
				CLANG_WARN_OBJC_ROOT_CLASS = YES_ERROR;
				CLANG_WARN_QUOTED_INCLUDE_IN_FRAMEWORK_HEADER = YES;
				CLANG_WARN_RANGE_LOOP_ANALYSIS = YES;
				CLANG_WARN_STRICT_PROTOTYPES = YES;
				CLANG_WARN_SUSPICIOUS_MOVE = YES;
				CLANG_WARN_UNGUARDED_AVAILABILITY = YES_AGGRESSIVE;
				CLANG_WARN_UNREACHABLE_CODE = YES;
				CLANG_WARN__DUPLICATE_METHOD_MATCH = YES;
				COPY_PHASE_STRIP = NO;
				DEBUG_INFORMATION_FORMAT = "dwarf-with-dsym";
				ENABLE_NS_ASSERTIONS = NO;
				ENABLE_STRICT_OBJC_MSGSEND = YES;
				GCC_C_LANGUAGE_STANDARD = gnu11;
				GCC_NO_COMMON_BLOCKS = YES;
				GCC_WARN_64_TO_32_BIT_CONVERSION = YES;
				GCC_WARN_ABOUT_RETURN_TYPE = YES_ERROR;
				GCC_WARN_UNDECLARED_SELECTOR = YES;
				GCC_WARN_UNINITIALIZED_AUTOS = YES_AGGRESSIVE;
				GCC_WARN_UNUSED_FUNCTION = YES;
				GCC_WARN_UNUSED_VARIABLE = YES;
				IPHONEOS_DEPLOYMENT_TARGET = 16.4;
				MTL_ENABLE_DEBUG_INFO = NO;
				MTL_FAST_MATH = YES;
				SDKROOT = iphoneos;
				SWIFT_COMPILATION_MODE = wholemodule;
				SWIFT_OPTIMIZATION_LEVEL = "-O";
				VALIDATE_PRODUCT = YES;
			};
			name = Release;
		};
		CEB9F8562AA294E200BB3D47 /* Debug */ = {
			isa = XCBuildConfiguration;
			baseConfigurationReference = A75FEDC0C334125E88975148 /* Pods-ProjectWithRealm.debug.xcconfig */;
			buildSettings = {
				ASSETCATALOG_COMPILER_APPICON_NAME = AppIcon;
				ASSETCATALOG_COMPILER_GLOBAL_ACCENT_COLOR_NAME = AccentColor;
				CODE_SIGN_STYLE = Automatic;
				CURRENT_PROJECT_VERSION = 1;
				DEVELOPMENT_TEAM = 624Z3YM248;
				GENERATE_INFOPLIST_FILE = YES;
				INFOPLIST_FILE = ProjectWithRealm/Info.plist;
				INFOPLIST_KEY_UIApplicationSupportsIndirectInputEvents = YES;
				INFOPLIST_KEY_UILaunchStoryboardName = LaunchScreen;
				INFOPLIST_KEY_UIMainStoryboardFile = Main;
				INFOPLIST_KEY_UISupportedInterfaceOrientations_iPad = "UIInterfaceOrientationPortrait UIInterfaceOrientationPortraitUpsideDown UIInterfaceOrientationLandscapeLeft UIInterfaceOrientationLandscapeRight";
				INFOPLIST_KEY_UISupportedInterfaceOrientations_iPhone = "UIInterfaceOrientationPortrait UIInterfaceOrientationLandscapeLeft UIInterfaceOrientationLandscapeRight";
				LD_RUNPATH_SEARCH_PATHS = (
					"$(inherited)",
					"@executable_path/Frameworks",
				);
				MARKETING_VERSION = 1.0;
				PRODUCT_BUNDLE_IDENTIFIER = Elena.ProjectWithRealm;
				PRODUCT_NAME = "$(TARGET_NAME)";
				SWIFT_EMIT_LOC_STRINGS = YES;
				SWIFT_VERSION = 5.0;
				TARGETED_DEVICE_FAMILY = "1,2";
			};
			name = Debug;
		};
		CEB9F8572AA294E200BB3D47 /* Release */ = {
			isa = XCBuildConfiguration;
			baseConfigurationReference = 598CEF4C43238C3FC981833E /* Pods-ProjectWithRealm.release.xcconfig */;
			buildSettings = {
				ASSETCATALOG_COMPILER_APPICON_NAME = AppIcon;
				ASSETCATALOG_COMPILER_GLOBAL_ACCENT_COLOR_NAME = AccentColor;
				CODE_SIGN_STYLE = Automatic;
				CURRENT_PROJECT_VERSION = 1;
				DEVELOPMENT_TEAM = 624Z3YM248;
				GENERATE_INFOPLIST_FILE = YES;
				INFOPLIST_FILE = ProjectWithRealm/Info.plist;
				INFOPLIST_KEY_UIApplicationSupportsIndirectInputEvents = YES;
				INFOPLIST_KEY_UILaunchStoryboardName = LaunchScreen;
				INFOPLIST_KEY_UIMainStoryboardFile = Main;
				INFOPLIST_KEY_UISupportedInterfaceOrientations_iPad = "UIInterfaceOrientationPortrait UIInterfaceOrientationPortraitUpsideDown UIInterfaceOrientationLandscapeLeft UIInterfaceOrientationLandscapeRight";
				INFOPLIST_KEY_UISupportedInterfaceOrientations_iPhone = "UIInterfaceOrientationPortrait UIInterfaceOrientationLandscapeLeft UIInterfaceOrientationLandscapeRight";
				LD_RUNPATH_SEARCH_PATHS = (
					"$(inherited)",
					"@executable_path/Frameworks",
				);
				MARKETING_VERSION = 1.0;
				PRODUCT_BUNDLE_IDENTIFIER = Elena.ProjectWithRealm;
				PRODUCT_NAME = "$(TARGET_NAME)";
				SWIFT_EMIT_LOC_STRINGS = YES;
				SWIFT_VERSION = 5.0;
				TARGETED_DEVICE_FAMILY = "1,2";
			};
			name = Release;
		};
/* End XCBuildConfiguration section */

/* Begin XCConfigurationList section */
		CEB9F83C2AA294E000BB3D47 /* Build configuration list for PBXProject "ProjectWithRealm" */ = {
			isa = XCConfigurationList;
			buildConfigurations = (
				CEB9F8532AA294E200BB3D47 /* Debug */,
				CEB9F8542AA294E200BB3D47 /* Release */,
			);
			defaultConfigurationIsVisible = 0;
			defaultConfigurationName = Release;
		};
		CEB9F8552AA294E200BB3D47 /* Build configuration list for PBXNativeTarget "ProjectWithRealm" */ = {
			isa = XCConfigurationList;
			buildConfigurations = (
				CEB9F8562AA294E200BB3D47 /* Debug */,
				CEB9F8572AA294E200BB3D47 /* Release */,
			);
			defaultConfigurationIsVisible = 0;
			defaultConfigurationName = Release;
		};
/* End XCConfigurationList section */
	};
	rootObject = CEB9F8392AA294E000BB3D47 /* Project object */;
}
