// !$*UTF8*$!
{
	archiveVersion = 1;
	classes = {
	};
	objectVersion = 56;
	objects = {

/* Begin PBXBuildFile section */
		CEAADA342A1EFDA40001035D /* MyCustomView.swift in Sources */ = {isa = PBXBuildFile; fileRef = CEAADA332A1EFDA40001035D /* MyCustomView.swift */; };
		CED998DB2A1ECE40002ED7EB /* AppDelegate.swift in Sources */ = {isa = PBXBuildFile; fileRef = CED998DA2A1ECE40002ED7EB /* AppDelegate.swift */; };
		CED998DD2A1ECE40002ED7EB /* SceneDelegate.swift in Sources */ = {isa = PBXBuildFile; fileRef = CED998DC2A1ECE40002ED7EB /* SceneDelegate.swift */; };
		CED998DF2A1ECE40002ED7EB /* ViewController.swift in Sources */ = {isa = PBXBuildFile; fileRef = CED998DE2A1ECE40002ED7EB /* ViewController.swift */; };
		CED998E22A1ECE40002ED7EB /* Main.storyboard in Resources */ = {isa = PBXBuildFile; fileRef = CED998E02A1ECE40002ED7EB /* Main.storyboard */; };
		CED998E42A1ECE41002ED7EB /* Assets.xcassets in Resources */ = {isa = PBXBuildFile; fileRef = CED998E32A1ECE41002ED7EB /* Assets.xcassets */; };
		CED998E72A1ECE41002ED7EB /* LaunchScreen.storyboard in Resources */ = {isa = PBXBuildFile; fileRef = CED998E52A1ECE41002ED7EB /* LaunchScreen.storyboard */; };
		CED998EF2A1ECFDB002ED7EB /* MyCustomView.xib in Resources */ = {isa = PBXBuildFile; fileRef = CED998EE2A1ECFDB002ED7EB /* MyCustomView.xib */; };
/* End PBXBuildFile section */

/* Begin PBXFileReference section */
		CEAADA332A1EFDA40001035D /* MyCustomView.swift */ = {isa = PBXFileReference; lastKnownFileType = sourcecode.swift; path = MyCustomView.swift; sourceTree = "<group>"; };
		CED998D72A1ECE40002ED7EB /* MyCustomViewProject.app */ = {isa = PBXFileReference; explicitFileType = wrapper.application; includeInIndex = 0; path = MyCustomViewProject.app; sourceTree = BUILT_PRODUCTS_DIR; };
		CED998DA2A1ECE40002ED7EB /* AppDelegate.swift */ = {isa = PBXFileReference; lastKnownFileType = sourcecode.swift; path = AppDelegate.swift; sourceTree = "<group>"; };
		CED998DC2A1ECE40002ED7EB /* SceneDelegate.swift */ = {isa = PBXFileReference; lastKnownFileType = sourcecode.swift; path = SceneDelegate.swift; sourceTree = "<group>"; };
		CED998DE2A1ECE40002ED7EB /* ViewController.swift */ = {isa = PBXFileReference; lastKnownFileType = sourcecode.swift; path = ViewController.swift; sourceTree = "<group>"; };
		CED998E12A1ECE40002ED7EB /* Base */ = {isa = PBXFileReference; lastKnownFileType = file.storyboard; name = Base; path = Base.lproj/Main.storyboard; sourceTree = "<group>"; };
		CED998E32A1ECE41002ED7EB /* Assets.xcassets */ = {isa = PBXFileReference; lastKnownFileType = folder.assetcatalog; path = Assets.xcassets; sourceTree = "<group>"; };
		CED998E62A1ECE41002ED7EB /* Base */ = {isa = PBXFileReference; lastKnownFileType = file.storyboard; name = Base; path = Base.lproj/LaunchScreen.storyboard; sourceTree = "<group>"; };
		CED998E82A1ECE41002ED7EB /* Info.plist */ = {isa = PBXFileReference; lastKnownFileType = text.plist.xml; path = Info.plist; sourceTree = "<group>"; };
		CED998EE2A1ECFDB002ED7EB /* MyCustomView.xib */ = {isa = PBXFileReference; lastKnownFileType = file.xib; path = MyCustomView.xib; sourceTree = "<group>"; };
/* End PBXFileReference section */

/* Begin PBXFrameworksBuildPhase section */
		CED998D42A1ECE40002ED7EB /* Frameworks */ = {
			isa = PBXFrameworksBuildPhase;
			buildActionMask = 2147483647;
			files = (
			);
			runOnlyForDeploymentPostprocessing = 0;
		};
/* End PBXFrameworksBuildPhase section */

/* Begin PBXGroup section */
		CED998CE2A1ECE40002ED7EB = {
			isa = PBXGroup;
			children = (
				CED998D92A1ECE40002ED7EB /* MyCustomViewProject */,
				CED998D82A1ECE40002ED7EB /* Products */,
			);
			sourceTree = "<group>";
		};
		CED998D82A1ECE40002ED7EB /* Products */ = {
			isa = PBXGroup;
			children = (
				CED998D72A1ECE40002ED7EB /* MyCustomViewProject.app */,
			);
			name = Products;
			sourceTree = "<group>";
		};
		CED998D92A1ECE40002ED7EB /* MyCustomViewProject */ = {
			isa = PBXGroup;
			children = (
				CED998DA2A1ECE40002ED7EB /* AppDelegate.swift */,
				CED998DC2A1ECE40002ED7EB /* SceneDelegate.swift */,
				CED998DE2A1ECE40002ED7EB /* ViewController.swift */,
				CED998E02A1ECE40002ED7EB /* Main.storyboard */,
				CED998EE2A1ECFDB002ED7EB /* MyCustomView.xib */,
				CEAADA332A1EFDA40001035D /* MyCustomView.swift */,
				CED998E32A1ECE41002ED7EB /* Assets.xcassets */,
				CED998E52A1ECE41002ED7EB /* LaunchScreen.storyboard */,
				CED998E82A1ECE41002ED7EB /* Info.plist */,
			);
			path = MyCustomViewProject;
			sourceTree = "<group>";
		};
/* End PBXGroup section */

/* Begin PBXNativeTarget section */
		CED998D62A1ECE40002ED7EB /* MyCustomViewProject */ = {
			isa = PBXNativeTarget;
			buildConfigurationList = CED998EB2A1ECE41002ED7EB /* Build configuration list for PBXNativeTarget "MyCustomViewProject" */;
			buildPhases = (
				CED998D32A1ECE40002ED7EB /* Sources */,
				CED998D42A1ECE40002ED7EB /* Frameworks */,
				CED998D52A1ECE40002ED7EB /* Resources */,
			);
			buildRules = (
			);
			dependencies = (
			);
			name = MyCustomViewProject;
			productName = MyCustomViewProject;
			productReference = CED998D72A1ECE40002ED7EB /* MyCustomViewProject.app */;
			productType = "com.apple.product-type.application";
		};
/* End PBXNativeTarget section */

/* Begin PBXProject section */
		CED998CF2A1ECE40002ED7EB /* Project object */ = {
			isa = PBXProject;
			attributes = {
				BuildIndependentTargetsInParallel = 1;
				LastSwiftUpdateCheck = 1420;
				LastUpgradeCheck = 1420;
				TargetAttributes = {
					CED998D62A1ECE40002ED7EB = {
						CreatedOnToolsVersion = 14.2;
					};
				};
			};
			buildConfigurationList = CED998D22A1ECE40002ED7EB /* Build configuration list for PBXProject "MyCustomViewProject" */;
			compatibilityVersion = "Xcode 14.0";
			developmentRegion = en;
			hasScannedForEncodings = 0;
			knownRegions = (
				en,
				Base,
			);
			mainGroup = CED998CE2A1ECE40002ED7EB;
			productRefGroup = CED998D82A1ECE40002ED7EB /* Products */;
			projectDirPath = "";
			projectRoot = "";
			targets = (
				CED998D62A1ECE40002ED7EB /* MyCustomViewProject */,
			);
		};
/* End PBXProject section */

/* Begin PBXResourcesBuildPhase section */
		CED998D52A1ECE40002ED7EB /* Resources */ = {
			isa = PBXResourcesBuildPhase;
			buildActionMask = 2147483647;
			files = (
				CED998E72A1ECE41002ED7EB /* LaunchScreen.storyboard in Resources */,
				CED998EF2A1ECFDB002ED7EB /* MyCustomView.xib in Resources */,
				CED998E42A1ECE41002ED7EB /* Assets.xcassets in Resources */,
				CED998E22A1ECE40002ED7EB /* Main.storyboard in Resources */,
			);
			runOnlyForDeploymentPostprocessing = 0;
		};
/* End PBXResourcesBuildPhase section */

/* Begin PBXSourcesBuildPhase section */
		CED998D32A1ECE40002ED7EB /* Sources */ = {
			isa = PBXSourcesBuildPhase;
			buildActionMask = 2147483647;
			files = (
				CED998DF2A1ECE40002ED7EB /* ViewController.swift in Sources */,
				CEAADA342A1EFDA40001035D /* MyCustomView.swift in Sources */,
				CED998DB2A1ECE40002ED7EB /* AppDelegate.swift in Sources */,
				CED998DD2A1ECE40002ED7EB /* SceneDelegate.swift in Sources */,
			);
			runOnlyForDeploymentPostprocessing = 0;
		};
/* End PBXSourcesBuildPhase section */

/* Begin PBXVariantGroup section */
		CED998E02A1ECE40002ED7EB /* Main.storyboard */ = {
			isa = PBXVariantGroup;
			children = (
				CED998E12A1ECE40002ED7EB /* Base */,
			);
			name = Main.storyboard;
			sourceTree = "<group>";
		};
		CED998E52A1ECE41002ED7EB /* LaunchScreen.storyboard */ = {
			isa = PBXVariantGroup;
			children = (
				CED998E62A1ECE41002ED7EB /* Base */,
			);
			name = LaunchScreen.storyboard;
			sourceTree = "<group>";
		};
/* End PBXVariantGroup section */

/* Begin XCBuildConfiguration section */
		CED998E92A1ECE41002ED7EB /* Debug */ = {
			isa = XCBuildConfiguration;
			buildSettings = {
				ALWAYS_SEARCH_USER_PATHS = NO;
				CLANG_ANALYZER_NONNULL = YES;
				CLANG_ANALYZER_NUMBER_OBJECT_CONVERSION = YES_AGGRESSIVE;
				CLANG_CXX_LANGUAGE_STANDARD = "gnu++20";
				CLANG_ENABLE_MODULES = YES;
				CLANG_ENABLE_OBJC_ARC = YES;
				CLANG_ENABLE_OBJC_WEAK = YES;
				CLANG_WARN_BLOCK_CAPTURE_AUTORELEASING = YES;
				CLANG_WARN_BOOL_CONVERSION = YES;
				CLANG_WARN_COMMA = YES;
				CLANG_WARN_CONSTANT_CONVERSION = YES;
				CLANG_WARN_DEPRECATED_OBJC_IMPLEMENTATIONS = YES;
				CLANG_WARN_DIRECT_OBJC_ISA_USAGE = YES_ERROR;
				CLANG_WARN_DOCUMENTATION_COMMENTS = YES;
				CLANG_WARN_EMPTY_BODY = YES;
				CLANG_WARN_ENUM_CONVERSION = YES;
				CLANG_WARN_INFINITE_RECURSION = YES;
				CLANG_WARN_INT_CONVERSION = YES;
				CLANG_WARN_NON_LITERAL_NULL_CONVERSION = YES;
				CLANG_WARN_OBJC_IMPLICIT_RETAIN_SELF = YES;
				CLANG_WARN_OBJC_LITERAL_CONVERSION = YES;
				CLANG_WARN_OBJC_ROOT_CLASS = YES_ERROR;
				CLANG_WARN_QUOTED_INCLUDE_IN_FRAMEWORK_HEADER = YES;
				CLANG_WARN_RANGE_LOOP_ANALYSIS = YES;
				CLANG_WARN_STRICT_PROTOTYPES = YES;
				CLANG_WARN_SUSPICIOUS_MOVE = YES;
				CLANG_WARN_UNGUARDED_AVAILABILITY = YES_AGGRESSIVE;
				CLANG_WARN_UNREACHABLE_CODE = YES;
				CLANG_WARN__DUPLICATE_METHOD_MATCH = YES;
				COPY_PHASE_STRIP = NO;
				DEBUG_INFORMATION_FORMAT = dwarf;
				ENABLE_STRICT_OBJC_MSGSEND = YES;
				ENABLE_TESTABILITY = YES;
				GCC_C_LANGUAGE_STANDARD = gnu11;
				GCC_DYNAMIC_NO_PIC = NO;
				GCC_NO_COMMON_BLOCKS = YES;
				GCC_OPTIMIZATION_LEVEL = 0;
				GCC_PREPROCESSOR_DEFINITIONS = (
					"DEBUG=1",
					"$(inherited)",
				);
				GCC_WARN_64_TO_32_BIT_CONVERSION = YES;
				GCC_WARN_ABOUT_RETURN_TYPE = YES_ERROR;
				GCC_WARN_UNDECLARED_SELECTOR = YES;
				GCC_WARN_UNINITIALIZED_AUTOS = YES_AGGRESSIVE;
				GCC_WARN_UNUSED_FUNCTION = YES;
				GCC_WARN_UNUSED_VARIABLE = YES;
				IPHONEOS_DEPLOYMENT_TARGET = 16.2;
				MTL_ENABLE_DEBUG_INFO = INCLUDE_SOURCE;
				MTL_FAST_MATH = YES;
				ONLY_ACTIVE_ARCH = YES;
				SDKROOT = iphoneos;
				SWIFT_ACTIVE_COMPILATION_CONDITIONS = DEBUG;
				SWIFT_OPTIMIZATION_LEVEL = "-Onone";
			};
			name = Debug;
		};
		CED998EA2A1ECE41002ED7EB /* Release */ = {
			isa = XCBuildConfiguration;
			buildSettings = {
				ALWAYS_SEARCH_USER_PATHS = NO;
				CLANG_ANALYZER_NONNULL = YES;
				CLANG_ANALYZER_NUMBER_OBJECT_CONVERSION = YES_AGGRESSIVE;
				CLANG_CXX_LANGUAGE_STANDARD = "gnu++20";
				CLANG_ENABLE_MODULES = YES;
				CLANG_ENABLE_OBJC_ARC = YES;
				CLANG_ENABLE_OBJC_WEAK = YES;
				CLANG_WARN_BLOCK_CAPTURE_AUTORELEASING = YES;
				CLANG_WARN_BOOL_CONVERSION = YES;
				CLANG_WARN_COMMA = YES;
				CLANG_WARN_CONSTANT_CONVERSION = YES;
				CLANG_WARN_DEPRECATED_OBJC_IMPLEMENTATIONS = YES;
				CLANG_WARN_DIRECT_OBJC_ISA_USAGE = YES_ERROR;
				CLANG_WARN_DOCUMENTATION_COMMENTS = YES;
				CLANG_WARN_EMPTY_BODY = YES;
				CLANG_WARN_ENUM_CONVERSION = YES;
				CLANG_WARN_INFINITE_RECURSION = YES;
				CLANG_WARN_INT_CONVERSION = YES;
				CLANG_WARN_NON_LITERAL_NULL_CONVERSION = YES;
				CLANG_WARN_OBJC_IMPLICIT_RETAIN_SELF = YES;
				CLANG_WARN_OBJC_LITERAL_CONVERSION = YES;
				CLANG_WARN_OBJC_ROOT_CLASS = YES_ERROR;
				CLANG_WARN_QUOTED_INCLUDE_IN_FRAMEWORK_HEADER = YES;
				CLANG_WARN_RANGE_LOOP_ANALYSIS = YES;
				CLANG_WARN_STRICT_PROTOTYPES = YES;
				CLANG_WARN_SUSPICIOUS_MOVE = YES;
				CLANG_WARN_UNGUARDED_AVAILABILITY = YES_AGGRESSIVE;
				CLANG_WARN_UNREACHABLE_CODE = YES;
				CLANG_WARN__DUPLICATE_METHOD_MATCH = YES;
				COPY_PHASE_STRIP = NO;
				DEBUG_INFORMATION_FORMAT = "dwarf-with-dsym";
				ENABLE_NS_ASSERTIONS = NO;
				ENABLE_STRICT_OBJC_MSGSEND = YES;
				GCC_C_LANGUAGE_STANDARD = gnu11;
				GCC_NO_COMMON_BLOCKS = YES;
				GCC_WARN_64_TO_32_BIT_CONVERSION = YES;
				GCC_WARN_ABOUT_RETURN_TYPE = YES_ERROR;
				GCC_WARN_UNDECLARED_SELECTOR = YES;
				GCC_WARN_UNINITIALIZED_AUTOS = YES_AGGRESSIVE;
				GCC_WARN_UNUSED_FUNCTION = YES;
				GCC_WARN_UNUSED_VARIABLE = YES;
				IPHONEOS_DEPLOYMENT_TARGET = 16.2;
				MTL_ENABLE_DEBUG_INFO = NO;
				MTL_FAST_MATH = YES;
				SDKROOT = iphoneos;
				SWIFT_COMPILATION_MODE = wholemodule;
				SWIFT_OPTIMIZATION_LEVEL = "-O";
				VALIDATE_PRODUCT = YES;
			};
			name = Release;
		};
		CED998EC2A1ECE41002ED7EB /* Debug */ = {
			isa = XCBuildConfiguration;
			buildSettings = {
				ASSETCATALOG_COMPILER_APPICON_NAME = AppIcon;
				ASSETCATALOG_COMPILER_GLOBAL_ACCENT_COLOR_NAME = AccentColor;
				CODE_SIGN_STYLE = Automatic;
				CURRENT_PROJECT_VERSION = 1;
				DEVELOPMENT_TEAM = 624Z3YM248;
				GENERATE_INFOPLIST_FILE = YES;
				INFOPLIST_FILE = MyCustomViewProject/Info.plist;
				INFOPLIST_KEY_UIApplicationSupportsIndirectInputEvents = YES;
				INFOPLIST_KEY_UILaunchStoryboardName = LaunchScreen;
				INFOPLIST_KEY_UIMainStoryboardFile = Main;
				INFOPLIST_KEY_UISupportedInterfaceOrientations_iPad = "UIInterfaceOrientationPortrait UIInterfaceOrientationPortraitUpsideDown UIInterfaceOrientationLandscapeLeft UIInterfaceOrientationLandscapeRight";
				INFOPLIST_KEY_UISupportedInterfaceOrientations_iPhone = "UIInterfaceOrientationPortrait UIInterfaceOrientationLandscapeLeft UIInterfaceOrientationLandscapeRight";
				LD_RUNPATH_SEARCH_PATHS = (
					"$(inherited)",
					"@executable_path/Frameworks",
				);
				MARKETING_VERSION = 1.0;
				PRODUCT_BUNDLE_IDENTIFIER = BTeam.MyCustomViewProject;
				PRODUCT_NAME = "$(TARGET_NAME)";
				SWIFT_EMIT_LOC_STRINGS = YES;
				SWIFT_VERSION = 5.0;
				TARGETED_DEVICE_FAMILY = "1,2";
			};
			name = Debug;
		};
		CED998ED2A1ECE41002ED7EB /* Release */ = {
			isa = XCBuildConfiguration;
			buildSettings = {
				ASSETCATALOG_COMPILER_APPICON_NAME = AppIcon;
				ASSETCATALOG_COMPILER_GLOBAL_ACCENT_COLOR_NAME = AccentColor;
				CODE_SIGN_STYLE = Automatic;
				CURRENT_PROJECT_VERSION = 1;
				DEVELOPMENT_TEAM = 624Z3YM248;
				GENERATE_INFOPLIST_FILE = YES;
				INFOPLIST_FILE = MyCustomViewProject/Info.plist;
				INFOPLIST_KEY_UIApplicationSupportsIndirectInputEvents = YES;
				INFOPLIST_KEY_UILaunchStoryboardName = LaunchScreen;
				INFOPLIST_KEY_UIMainStoryboardFile = Main;
				INFOPLIST_KEY_UISupportedInterfaceOrientations_iPad = "UIInterfaceOrientationPortrait UIInterfaceOrientationPortraitUpsideDown UIInterfaceOrientationLandscapeLeft UIInterfaceOrientationLandscapeRight";
				INFOPLIST_KEY_UISupportedInterfaceOrientations_iPhone = "UIInterfaceOrientationPortrait UIInterfaceOrientationLandscapeLeft UIInterfaceOrientationLandscapeRight";
				LD_RUNPATH_SEARCH_PATHS = (
					"$(inherited)",
					"@executable_path/Frameworks",
				);
				MARKETING_VERSION = 1.0;
				PRODUCT_BUNDLE_IDENTIFIER = BTeam.MyCustomViewProject;
				PRODUCT_NAME = "$(TARGET_NAME)";
				SWIFT_EMIT_LOC_STRINGS = YES;
				SWIFT_VERSION = 5.0;
				TARGETED_DEVICE_FAMILY = "1,2";
			};
			name = Release;
		};
/* End XCBuildConfiguration section */

/* Begin XCConfigurationList section */
		CED998D22A1ECE40002ED7EB /* Build configuration list for PBXProject "MyCustomViewProject" */ = {
			isa = XCConfigurationList;
			buildConfigurations = (
				CED998E92A1ECE41002ED7EB /* Debug */,
				CED998EA2A1ECE41002ED7EB /* Release */,
			);
			defaultConfigurationIsVisible = 0;
			defaultConfigurationName = Release;
		};
		CED998EB2A1ECE41002ED7EB /* Build configuration list for PBXNativeTarget "MyCustomViewProject" */ = {
			isa = XCConfigurationList;
			buildConfigurations = (
				CED998EC2A1ECE41002ED7EB /* Debug */,
				CED998ED2A1ECE41002ED7EB /* Release */,
			);
			defaultConfigurationIsVisible = 0;
			defaultConfigurationName = Release;
		};
/* End XCConfigurationList section */
	};
	rootObject = CED998CF2A1ECE40002ED7EB /* Project object */;
}
